
Microsoft Visual Studio Solution File, Format Version 12.00
# Visual Studio Version 16
VisualStudioVersion = 16.0.30128.74
MinimumVisualStudioVersion = 10.0.40219.1
Project("{FAE04EC0-301F-11D3-BF4B-00C04F79EFBC}") = "AlabNet", "AlabNet\AlabNet.csproj", "{600BEDC3-14E9-4960-8722-05C989272FD3}"
EndProject
Global
	GlobalSection(SolutionConfigurationPlatforms) = preSolution
		Debug|Any CPU = Debug|Any CPU
		Release|Any CPU = Release|Any CPU
	EndGlobalSection
	GlobalSection(ProjectConfigurationPlatforms) = postSolution
		{600BEDC3-14E9-4960-8722-05C989272FD3}.Debug|Any CPU.ActiveCfg = Debug|Any CPU
		{600BEDC3-14E9-4960-8722-05C989272FD3}.Debug|Any CPU.Build.0 = Debug|Any CPU
		{600BEDC3-14E9-4960-8722-05C989272FD3}.Release|Any CPU.ActiveCfg = Release|Any CPU
		{600BEDC3-14E9-4960-8722-05C989272FD3}.Release|Any CPU.Build.0 = Release|Any CPU
	EndGlobalSection
	GlobalSection(SolutionProperties) = preSolution
		HideSolutionNode = FALSE
	EndGlobalSection
	GlobalSection(ExtensibilityGlobals) = postSolution
		SolutionGuid = {5582D66F-11B8-41F8-91B8-62E1FC20AE6C}
	EndGlobalSection
EndGlobal
